[[package]]
name = "antlr4-python3-runtime"
version = "4.9.3"
description = "ANTLR 4.9.3 runtime for Python 3.7"
category = "main"
optional = false
python-versions = "*"

[[package]]
name = "certifi"
version = "2022.6.15.1"
description = "Python package for providing Mozilla's CA Bundle."
category = "main"
optional = false
python-versions = ">=3.6"

[[package]]
name = "charset-normalizer"
version = "2.1.1"
description = "The Real First Universal Charset Detector. Open, modern and actively maintained alternative to Chardet."
category = "main"
optional = false
python-versions = ">=3.6.0"

[package.extras]
unicode_backport = ["unicodedata2"]

[[package]]
name = "datefinder"
version = "0.7.3"
description = "Extract datetime objects from strings"
category = "main"
optional = false
python-versions = "*"

[package.dependencies]
python-dateutil = ">=2.4.2"
pytz = "*"
regex = ">=2017.02.08"

[package.extras]
dev = ["pytest (>=2.8.5)", "mock", "pytz (>=2015.7)", "pylint (==2.1.1)"]
test = ["pytest (>=2.8.5)", "mock", "pytz (>=2015.7)"]

[[package]]
name = "decorator"
version = "5.1.1"
description = "Decorators for Humans"
category = "main"
optional = false
python-versions = ">=3.5"

[[package]]
name = "idna"
version = "3.3"
description = "Internationalized Domain Names in Applications (IDNA)"
category = "main"
optional = false
python-versions = ">=3.5"

[[package]]
name = "pika"
version = "1.3.0"
description = "Pika Python AMQP Client Library"
category = "main"
optional = false
python-versions = "*"

[package.extras]
twisted = ["twisted"]
tornado = ["tornado"]
gevent = ["gevent"]

[[package]]
name = "pycti"
version = "5.3.12"
description = "Python API client for OpenCTI."
category = "main"
optional = false
python-versions = ">=3.7"

[package.dependencies]
datefinder = ">=0.7.3,<0.8.0"
pika = ">=1.3.0,<1.4.0"
python-json-logger = ">=2.0.4,<2.1.0"
python-magic = {version = ">=0.4.27,<0.5.0", markers = "sys_platform == \"linux\" or sys_platform == \"darwin\""}
python-magic-bin = {version = ">=0.4.14,<0.5.0", markers = "sys_platform == \"win32\""}
pyyaml = ">=6.0,<7.0"
requests = ">=2.28.1,<2.29.0"
sseclient = ">=0.0.27,<0.1.0"
stix2 = ">=3.0.1,<3.1.0"

[package.extras]
dev = ["black (>=22.6.0,<22.7.0)", "build (>=0.8.0,<0.9.0)", "isort (>=5.10.1,<5.11.0)", "types-pytz (>=2022.2.1.0,<2022.3.0.0)", "pre-commit (>=2.20.0,<2.21.0)", "pytest-cases (>=3.6.13,<3.7.0)", "pytest-cov (>=3.0.0,<3.1.0)", "pytest-randomly (>=3.12.0,<3.13.0)", "pytest (>=7.1.2,<7.2.0)", "types-python-dateutil (>=2.8.19,<2.9.0)", "wheel (>=0.37.1,<0.38.0)"]
doc = ["autoapi (>=2.0.1,<2.1.0)", "sphinx-autodoc-typehints (>=1.19.2,<1.20.0)", "sphinx-rtd-theme (>=1.0.0,<1.1.0)"]

[[package]]
name = "pydantic"
version = "1.10.2"
description = "Data validation and settings management using python type hints"
category = "main"
optional = false
python-versions = ">=3.7"

[package.dependencies]
typing-extensions = ">=4.1.0"

[package.extras]
dotenv = ["python-dotenv (>=0.10.4)"]
email = ["email-validator (>=1.0.3)"]

[[package]]
name = "python-dateutil"
version = "2.8.2"
description = "Extensions to the standard Python datetime module"
category = "main"
optional = false
python-versions = "!=3.0.*,!=3.1.*,!=3.2.*,>=2.7"

[package.dependencies]
six = ">=1.5"

[[package]]
name = "python-json-logger"
version = "2.0.4"
description = "A python library adding a json log formatter"
category = "main"
optional = false
python-versions = ">=3.5"

[[package]]
name = "python-magic"
version = "0.4.27"
description = "File type identification using libmagic"
category = "main"
optional = false
python-versions = ">=2.7, !=3.0.*, !=3.1.*, !=3.2.*, !=3.3.*, !=3.4.*"

[[package]]
name = "python-magic-bin"
version = "0.4.14"
description = "File type identification using libmagic binary package"
category = "main"
optional = false
python-versions = "*"

[[package]]
name = "pytz"
version = "2022.2.1"
description = "World timezone definitions, modern and historical"
category = "main"
optional = false
python-versions = "*"

[[package]]
name = "pyyaml"
version = "6.0"
description = "YAML parser and emitter for Python"
category = "main"
optional = false
python-versions = ">=3.6"

[[package]]
name = "regex"
version = "2022.8.17"
description = "Alternative regular expression module, to replace re."
category = "main"
optional = false
python-versions = ">=3.6"

[[package]]
name = "requests"
version = "2.28.1"
description = "Python HTTP for Humans."
category = "main"
optional = false
python-versions = ">=3.7, <4"

[package.dependencies]
certifi = ">=2017.4.17"
charset-normalizer = ">=2,<3"
idna = ">=2.5,<4"
urllib3 = ">=1.21.1,<1.27"

[package.extras]
socks = ["PySocks (>=1.5.6,!=1.5.7)"]
use_chardet_on_py3 = ["chardet (>=3.0.2,<6)"]

[[package]]
name = "simplejson"
version = "3.17.6"
description = "Simple, fast, extensible JSON encoder/decoder for Python"
category = "main"
optional = false
python-versions = ">=2.5, !=3.0.*, !=3.1.*, !=3.2.*"

[[package]]
name = "six"
version = "1.16.0"
description = "Python 2 and 3 compatibility utilities"
category = "main"
optional = false
python-versions = ">=2.7, !=3.0.*, !=3.1.*, !=3.2.*"

[[package]]
name = "sseclient"
version = "0.0.27"
description = "Python client library for reading Server Sent Event streams."
category = "main"
optional = false
python-versions = "*"

[package.dependencies]
requests = ">=2.9"
six = "*"

[[package]]
name = "stix2"
version = "3.0.1"
description = "Produce and consume STIX 2 JSON content"
category = "main"
optional = false
python-versions = ">=3.6"

[package.dependencies]
pytz = "*"
requests = "*"
simplejson = "*"
stix2-patterns = ">=1.2.0"

[package.extras]
semantic = ["haversine", "rapidfuzz"]
taxii = ["taxii2-client (>=2.3.0)"]

[[package]]
name = "stix2-patterns"
version = "2.0.0"
description = "Validate STIX 2 Patterns."
category = "main"
optional = false
python-versions = ">=3.6"

[package.dependencies]
antlr4-python3-runtime = ">=4.9.0,<4.10.0"
six = "*"

[package.extras]
test = ["pytest-cov", "pytest", "coverage"]
docs = ["sphinx-prompt", "sphinx"]
dev = ["tox", "pre-commit", "check-manifest", "bumpversion", "pytest-cov", "pytest", "coverage", "sphinx-prompt", "sphinx"]

[[package]]
name = "typing-extensions"
version = "4.3.0"
description = "Backported and Experimental Type Hints for Python 3.7+"
category = "main"
optional = false
python-versions = ">=3.7"

[[package]]
name = "urllib3"
version = "1.26.12"
description = "HTTP library with thread-safe connection pooling, file post, and more."
category = "main"
optional = false
python-versions = ">=2.7, !=3.0.*, !=3.1.*, !=3.2.*, !=3.3.*, !=3.4.*, !=3.5.*, <4"

[package.extras]
brotli = ["brotlicffi (>=0.8.0)", "brotli (>=1.0.9)", "brotlipy (>=0.6.0)"]
secure = ["pyOpenSSL (>=0.14)", "cryptography (>=1.3.4)", "idna (>=2.0.0)", "certifi", "urllib3-secure-extra", "ipaddress"]
socks = ["PySocks (>=1.5.6,!=1.5.7,<2.0)"]

[[package]]
name = "validators"
version = "0.20.0"
description = "Python Data Validation for Humans™."
category = "main"
optional = false
python-versions = ">=3.4"

[package.dependencies]
decorator = ">=3.4.0"

[package.extras]
test = ["pytest (>=2.2.3)", "flake8 (>=2.4.0)", "isort (>=4.2.2)"]

[metadata]
lock-version = "1.1"
python-versions = "^3.10"
content-hash = "467aa74737326d100021be7249b8b2af045447bc3dd0db3ab08ee64bd9c9c392"

[metadata.files]
antlr4-python3-runtime = []
certifi = []
charset-normalizer = []
datefinder = []
decorator = []
idna = []
pika = []
pycti = []
pydantic = []
python-dateutil = []
python-json-logger = []
python-magic = []
python-magic-bin = []
pytz = []
pyyaml = []
regex = []
requests = []
simplejson = []
six = []
sseclient = []
stix2 = []
stix2-patterns = []
typing-extensions = []
urllib3 = []
validators = []
