[[package]]
name = "antlr4-python3-runtime"
version = "4.8"
description = "ANTLR 4.8 runtime for Python 3.7"
category = "main"
optional = false
python-versions = "*"

[[package]]
name = "arrow"
version = "1.1.1"
description = "Better dates & times for Python"
category = "main"
optional = false
python-versions = ">=3.6"

[package.dependencies]
python-dateutil = ">=2.7.0"

[[package]]
name = "atomicwrites"
version = "1.4.0"
description = "Atomic file writes."
category = "dev"
optional = false
python-versions = ">=2.7, !=3.0.*, !=3.1.*, !=3.2.*, !=3.3.*"

[[package]]
name = "attrs"
version = "21.2.0"
description = "Classes Without Boilerplate"
category = "dev"
optional = false
python-versions = ">=2.7, !=3.0.*, !=3.1.*, !=3.2.*, !=3.3.*, !=3.4.*"

[package.extras]
dev = ["coverage[toml] (>=5.0.2)", "hypothesis", "pympler", "pytest (>=4.3.0)", "six", "mypy", "pytest-mypy-plugins", "zope.interface", "furo", "sphinx", "sphinx-notfound-page", "pre-commit"]
docs = ["furo", "sphinx", "zope.interface", "sphinx-notfound-page"]
tests = ["coverage[toml] (>=5.0.2)", "hypothesis", "pympler", "pytest (>=4.3.0)", "six", "mypy", "pytest-mypy-plugins", "zope.interface"]
tests_no_zope = ["coverage[toml] (>=5.0.2)", "hypothesis", "pympler", "pytest (>=4.3.0)", "six", "mypy", "pytest-mypy-plugins"]

[[package]]
name = "black"
version = "21.9b0"
description = "The uncompromising code formatter."
category = "dev"
optional = false
python-versions = ">=3.6.2"

[package.dependencies]
click = ">=7.1.2"
mypy-extensions = ">=0.4.3"
pathspec = ">=0.9.0,<1"
platformdirs = ">=2"
regex = ">=2020.1.8"
tomli = ">=0.2.6,<2.0.0"
typing-extensions = [
    {version = ">=3.10.0.0", markers = "python_version < \"3.10\""},
    {version = "!=3.10.0.1", markers = "python_version >= \"3.10\""},
]

[package.extras]
colorama = ["colorama (>=0.4.3)"]
d = ["aiohttp (>=3.6.0)", "aiohttp-cors (>=0.4.0)"]
jupyter = ["ipython (>=7.8.0)", "tokenize-rt (>=3.2.0)"]
python2 = ["typed-ast (>=1.4.2)"]
uvloop = ["uvloop (>=0.15.2)"]

[[package]]
name = "certifi"
version = "2021.5.30"
description = "Python package for providing Mozilla's CA Bundle."
category = "main"
optional = false
python-versions = "*"

[[package]]
name = "charset-normalizer"
version = "2.0.6"
description = "The Real First Universal Charset Detector. Open, modern and actively maintained alternative to Chardet."
category = "main"
optional = false
python-versions = ">=3.5.0"

[package.extras]
unicode_backport = ["unicodedata2"]

[[package]]
name = "click"
version = "8.0.1"
description = "Composable command line interface toolkit"
category = "dev"
optional = false
python-versions = ">=3.6"

[package.dependencies]
colorama = {version = "*", markers = "platform_system == \"Windows\""}

[[package]]
name = "colorama"
version = "0.4.4"
description = "Cross-platform colored terminal text."
category = "dev"
optional = false
python-versions = ">=2.7, !=3.0.*, !=3.1.*, !=3.2.*, !=3.3.*, !=3.4.*"

[[package]]
name = "datefinder"
version = "0.7.1"
description = "Extract datetime objects from strings"
category = "main"
optional = false
python-versions = "*"

[package.dependencies]
python-dateutil = ">=2.4.2"
pytz = "*"
regex = ">=2017.02.08"

[package.extras]
dev = ["pytest (>=2.8.5)", "mock", "pytz (>=2015.7)", "pylint (==2.1.1)"]
test = ["pytest (>=2.8.5)", "mock", "pytz (>=2015.7)"]

[[package]]
name = "docopt"
version = "0.6.2"
description = "Pythonic argument parser, that will make you smile"
category = "main"
optional = false
python-versions = "*"

[[package]]
name = "elasticsearch"
version = "7.15.0"
description = "Python client for Elasticsearch"
category = "main"
optional = false
python-versions = ">=2.7, !=3.0.*, !=3.1.*, !=3.2.*, !=3.3.*, <4"

[package.dependencies]
certifi = "*"
urllib3 = ">=1.21.1,<2"

[package.extras]
async = ["aiohttp (>=3,<4)"]
develop = ["requests (>=2.0.0,<3.0.0)", "coverage", "mock", "pyyaml", "pytest", "pytest-cov", "sphinx (<1.7)", "sphinx-rtd-theme", "black", "jinja2"]
docs = ["sphinx (<1.7)", "sphinx-rtd-theme"]
requests = ["requests (>=2.4.0,<3.0.0)"]

[[package]]
name = "elasticsearch-dsl"
version = "7.4.0"
description = "Python client for Elasticsearch"
category = "main"
optional = false
python-versions = ">=2.7, !=3.0.*, !=3.1.*, !=3.2.*, !=3.3.*"

[package.dependencies]
elasticsearch = ">=7.0.0,<8.0.0"
python-dateutil = "*"
six = "*"

[package.extras]
develop = ["mock", "pytest (>=3.0.0)", "pytest-cov", "pytest-mock (<3.0.0)", "pytz", "coverage (<5.0.0)", "sphinx", "sphinx-rtd-theme"]

[[package]]
name = "flake8"
version = "3.9.2"
description = "the modular source code checker: pep8 pyflakes and co"
category = "dev"
optional = false
python-versions = "!=3.0.*,!=3.1.*,!=3.2.*,!=3.3.*,!=3.4.*,>=2.7"

[package.dependencies]
mccabe = ">=0.6.0,<0.7.0"
pycodestyle = ">=2.7.0,<2.8.0"
pyflakes = ">=2.3.0,<2.4.0"

[[package]]
name = "idna"
version = "3.2"
description = "Internationalized Domain Names in Applications (IDNA)"
category = "main"
optional = false
python-versions = ">=3.5"

[[package]]
name = "iniconfig"
version = "1.1.1"
description = "iniconfig: brain-dead simple config-ini parsing"
category = "dev"
optional = false
python-versions = "*"

[[package]]
name = "isort"
version = "5.9.3"
description = "A Python utility / library to sort Python imports."
category = "dev"
optional = false
python-versions = ">=3.6.1,<4.0"

[package.extras]
pipfile_deprecated_finder = ["pipreqs", "requirementslib"]
requirements_deprecated_finder = ["pipreqs", "pip-api"]
colors = ["colorama (>=0.4.3,<0.5.0)"]
plugins = ["setuptools"]

[[package]]
name = "mccabe"
version = "0.6.1"
description = "McCabe checker, plugin for flake8"
category = "dev"
optional = false
python-versions = "*"

[[package]]
name = "mypy-extensions"
version = "0.4.3"
description = "Experimental type system extensions for programs checked with the mypy typechecker."
category = "dev"
optional = false
python-versions = "*"

[[package]]
name = "packaging"
version = "21.0"
description = "Core utilities for Python packages"
category = "dev"
optional = false
python-versions = ">=3.6"

[package.dependencies]
pyparsing = ">=2.0.2"

[[package]]
name = "pathspec"
version = "0.9.0"
description = "Utility library for gitignore style pattern matching of file paths."
category = "dev"
optional = false
python-versions = "!=3.0.*,!=3.1.*,!=3.2.*,!=3.3.*,!=3.4.*,>=2.7"

[[package]]
name = "pika"
version = "1.2.0"
description = "Pika Python AMQP Client Library"
category = "main"
optional = false
python-versions = "*"

[package.extras]
gevent = ["gevent"]
tornado = ["tornado"]
twisted = ["twisted"]

[[package]]
name = "platformdirs"
version = "2.4.0"
description = "A small Python module for determining appropriate platform-specific dirs, e.g. a \"user data dir\"."
category = "dev"
optional = false
python-versions = ">=3.6"

[package.extras]
docs = ["Sphinx (>=4)", "furo (>=2021.7.5b38)", "proselint (>=0.10.2)", "sphinx-autodoc-typehints (>=1.12)"]
test = ["appdirs (==1.4.4)", "pytest (>=6)", "pytest-cov (>=2.7)", "pytest-mock (>=3.6)"]

[[package]]
name = "pluggy"
version = "1.0.0"
description = "plugin and hook calling mechanisms for python"
category = "dev"
optional = false
python-versions = ">=3.6"

[package.extras]
dev = ["pre-commit", "tox"]
testing = ["pytest", "pytest-benchmark"]

[[package]]
name = "py"
version = "1.10.0"
description = "library with cross-python path, ini-parsing, io, code, log facilities"
category = "dev"
optional = false
python-versions = ">=2.7, !=3.0.*, !=3.1.*, !=3.2.*, !=3.3.*"

[[package]]
name = "pycodestyle"
version = "2.7.0"
description = "Python style guide checker"
category = "dev"
optional = false
python-versions = ">=2.7, !=3.0.*, !=3.1.*, !=3.2.*, !=3.3.*"

[[package]]
name = "pycti"
version = "5.0.2"
description = "Python API client for OpenCTI."
category = "main"
optional = false
python-versions = ">=3.7"

[package.dependencies]
datefinder = ">=0.7,<1.0"
pika = ">=1.2,<2.0"
python-json-logger = ">=2.0.2,<2.1.0"
python-magic = {version = ">=0.4.24,<0.5.0", markers = "sys_platform == \"linux\" or sys_platform == \"darwin\""}
python-magic-bin = {version = ">=0.4.14,<0.5.0", markers = "sys_platform == \"win32\""}
PyYAML = ">=5.4,<6.0"
requests = ">=2.26.0,<2.27.0"
sseclient = ">=0.0.27,<0.1.0"
stix2 = ">=2.1.0,<2.2.0"

[package.extras]
dev = ["pytest-randomly (>=3.8,<4.0)", "black (==20.8b1)", "pre-commit (>=2.13,<3.0)", "wheel (>=0.36,<1.0)", "pytest (>=6.2,<7.0)", "pytest-cov (>=2.12,<3.0)", "pytest-cases (>=3.6,<4.0)", "requests (>=2.26.0,<2.27.0)", "PyYAML (>=5.4,<6.0)", "setuptools (>=58.0.0,<58.1.0)", "datefinder (>=0.7,<1.0)", "stix2 (>=2.1.0,<2.2.0)", "pika (>=1.2,<2.0)", "sseclient (>=0.0.27,<0.1.0)", "python-json-logger (>=2.0.2,<2.1.0)", "python-magic (>=0.4.24,<0.5.0)", "python-magic-bin (>=0.4.14,<0.5.0)"]
doc = ["autoapi", "sphinx-rtd-theme", "sphinx-autodoc-typehints"]

[[package]]
name = "pyflakes"
version = "2.3.1"
description = "passive checker of Python programs"
category = "dev"
optional = false
python-versions = ">=2.7, !=3.0.*, !=3.1.*, !=3.2.*, !=3.3.*"

[[package]]
name = "pyparsing"
version = "2.4.7"
description = "Python parsing module"
category = "dev"
optional = false
python-versions = ">=2.6, !=3.0.*, !=3.1.*, !=3.2.*"

[[package]]
name = "pyproject-flake8"
version = "0.0.1a2"
description = "pyproject-flake8 (`pflake8`), a monkey patching wrapper to connect flake8 with pyproject.toml configuration"
category = "dev"
optional = false
python-versions = "*"

[package.dependencies]
flake8 = "*"
toml = "*"

[[package]]
name = "pytest"
version = "6.2.5"
description = "pytest: simple powerful testing with Python"
category = "dev"
optional = false
python-versions = ">=3.6"

[package.dependencies]
atomicwrites = {version = ">=1.0", markers = "sys_platform == \"win32\""}
attrs = ">=19.2.0"
colorama = {version = "*", markers = "sys_platform == \"win32\""}
iniconfig = "*"
packaging = "*"
pluggy = ">=0.12,<2.0"
py = ">=1.8.2"
toml = "*"

[package.extras]
testing = ["argcomplete", "hypothesis (>=3.56)", "mock", "nose", "requests", "xmlschema"]

[[package]]
name = "pytest-black"
version = "0.3.12"
description = "A pytest plugin to enable format checking with black"
category = "dev"
optional = false
python-versions = ">=2.7"

[package.dependencies]
black = {version = "*", markers = "python_version >= \"3.6\""}
pytest = ">=3.5.0"
toml = "*"

[[package]]
name = "pytest-flake8"
version = "1.0.7"
description = "pytest plugin to check FLAKE8 requirements"
category = "dev"
optional = false
python-versions = "*"

[package.dependencies]
flake8 = ">=3.5"
pytest = ">=3.5"

[[package]]
name = "pytest-isort"
version = "2.0.0"
description = "py.test plugin to check import ordering using isort"
category = "dev"
optional = false
python-versions = "*"

[package.dependencies]
isort = ">=4.0"

[package.extras]
tests = ["mock"]

[[package]]
name = "python-datemath"
version = "1.5.5"
description = "A python module to emulate the date math used in SOLR and Elasticsearch"
category = "main"
optional = false
python-versions = "*"

[package.dependencies]
arrow = "*"

[package.extras]
dev = ["check-manifest"]
test = ["coverage"]

[[package]]
name = "python-dateutil"
version = "2.8.2"
description = "Extensions to the standard Python datetime module"
category = "main"
optional = false
python-versions = "!=3.0.*,!=3.1.*,!=3.2.*,>=2.7"

[package.dependencies]
six = ">=1.5"

[[package]]
name = "python-json-logger"
version = "2.0.2"
description = "A python library adding a json log formatter"
category = "main"
optional = false
python-versions = ">=3.5"

[[package]]
name = "python-magic"
version = "0.4.24"
description = "File type identification using libmagic"
category = "main"
optional = false
python-versions = ">=2.7, !=3.0.*, !=3.1.*, !=3.2.*, !=3.3.*, !=3.4.*"

[[package]]
name = "python-magic-bin"
version = "0.4.14"
description = "File type identification using libmagic binary package"
category = "main"
optional = false
python-versions = "*"

[[package]]
name = "pytz"
version = "2021.1"
description = "World timezone definitions, modern and historical"
category = "main"
optional = false
python-versions = "*"

[[package]]
name = "pyyaml"
version = "5.4.1"
description = "YAML parser and emitter for Python"
category = "main"
optional = false
python-versions = ">=2.7, !=3.0.*, !=3.1.*, !=3.2.*, !=3.3.*, !=3.4.*, !=3.5.*"

[[package]]
name = "regex"
version = "2021.9.24"
description = "Alternative regular expression module, to replace re."
category = "main"
optional = false
python-versions = "*"

[[package]]
name = "requests"
version = "2.26.0"
description = "Python HTTP for Humans."
category = "main"
optional = false
python-versions = ">=2.7, !=3.0.*, !=3.1.*, !=3.2.*, !=3.3.*, !=3.4.*, !=3.5.*"

[package.dependencies]
certifi = ">=2017.4.17"
charset-normalizer = {version = ">=2.0.0,<2.1.0", markers = "python_version >= \"3\""}
idna = {version = ">=2.5,<4", markers = "python_version >= \"3\""}
urllib3 = ">=1.21.1,<1.27"

[package.extras]
socks = ["PySocks (>=1.5.6,!=1.5.7)", "win-inet-pton"]
use_chardet_on_py3 = ["chardet (>=3.0.2,<5)"]

[[package]]
name = "scalpl"
version = "0.4.2"
description = "A lightweight wrapper to operate on nested dictionaries seamlessly."
category = "main"
optional = false
python-versions = ">=3.6"

[[package]]
name = "simplejson"
version = "3.17.5"
description = "Simple, fast, extensible JSON encoder/decoder for Python"
category = "main"
optional = false
python-versions = ">=2.5, !=3.0.*, !=3.1.*, !=3.2.*"

[[package]]
name = "six"
version = "1.16.0"
description = "Python 2 and 3 compatibility utilities"
category = "main"
optional = false
python-versions = ">=2.7, !=3.0.*, !=3.1.*, !=3.2.*"

[[package]]
name = "sseclient"
version = "0.0.27"
description = "Python client library for reading Server Sent Event streams."
category = "main"
optional = false
python-versions = "*"

[package.dependencies]
requests = ">=2.9"
six = "*"

[[package]]
name = "stix2"
version = "2.1.0"
description = "Produce and consume STIX 2 JSON content"
category = "main"
optional = false
python-versions = "*"

[package.dependencies]
pytz = "*"
requests = "*"
simplejson = "*"
six = ">=1.13.0"
stix2-patterns = ">=1.2.0"

[package.extras]
semantic = ["haversine", "rapidfuzz"]
taxii = ["taxii2-client (>=2.2.1)"]

[[package]]
name = "stix2-patterns"
version = "1.3.2"
description = "Validate STIX 2 Patterns."
category = "main"
optional = false
python-versions = "*"

[package.dependencies]
antlr4-python3-runtime = {version = ">=4.8.0,<4.9.0", markers = "python_version >= \"3\""}
six = "*"

[package.extras]
dev = ["sphinx", "sphinx-prompt", "coverage", "pytest", "pytest-cov", "bumpversion", "check-manifest", "pre-commit", "tox"]
docs = ["sphinx", "sphinx-prompt"]
test = ["coverage", "pytest", "pytest-cov"]

[[package]]
name = "toml"
version = "0.10.2"
description = "Python Library for Tom's Obvious, Minimal Language"
category = "dev"
optional = false
python-versions = ">=2.6, !=3.0.*, !=3.1.*, !=3.2.*"

[[package]]
name = "tomli"
version = "1.2.1"
description = "A lil' TOML parser"
category = "dev"
optional = false
python-versions = ">=3.6"

[[package]]
name = "typing-extensions"
version = "3.10.0.2"
description = "Backported and Experimental Type Hints for Python 3.5+"
category = "dev"
optional = false
python-versions = "*"

[[package]]
name = "urllib3"
version = "1.26.7"
description = "HTTP library with thread-safe connection pooling, file post, and more."
category = "main"
optional = false
python-versions = ">=2.7, !=3.0.*, !=3.1.*, !=3.2.*, !=3.3.*, !=3.4.*, <4"

[package.extras]
brotli = ["brotlipy (>=0.6.0)"]
secure = ["pyOpenSSL (>=0.14)", "cryptography (>=1.3.4)", "idna (>=2.0.0)", "certifi", "ipaddress"]
socks = ["PySocks (>=1.5.6,!=1.5.7,<2.0)"]

[metadata]
lock-version = "1.1"
python-versions = "^3.9"
content-hash = "c38c17b0d6d7865be49609a726d235535e6f0b1e7b8b05897a8af059608718d3"

[metadata.files]
antlr4-python3-runtime = [
    {file = "antlr4-python3-runtime-4.8.tar.gz", hash = "sha256:15793f5d0512a372b4e7d2284058ad32ce7dd27126b105fb0b2245130445db33"},
]
arrow = [
    {file = "arrow-1.1.1-py3-none-any.whl", hash = "sha256:77a60a4db5766d900a2085ce9074c5c7b8e2c99afeaa98ad627637ff6f292510"},
    {file = "arrow-1.1.1.tar.gz", hash = "sha256:dee7602f6c60e3ec510095b5e301441bc56288cb8f51def14dcb3079f623823a"},
]
atomicwrites = [
    {file = "atomicwrites-1.4.0-py2.py3-none-any.whl", hash = "sha256:6d1784dea7c0c8d4a5172b6c620f40b6e4cbfdf96d783691f2e1302a7b88e197"},
    {file = "atomicwrites-1.4.0.tar.gz", hash = "sha256:ae70396ad1a434f9c7046fd2dd196fc04b12f9e91ffb859164193be8b6168a7a"},
]
attrs = [
    {file = "attrs-21.2.0-py2.py3-none-any.whl", hash = "sha256:149e90d6d8ac20db7a955ad60cf0e6881a3f20d37096140088356da6c716b0b1"},
    {file = "attrs-21.2.0.tar.gz", hash = "sha256:ef6aaac3ca6cd92904cdd0d83f629a15f18053ec84e6432106f7a4d04ae4f5fb"},
]
black = [
    {file = "black-21.9b0-py3-none-any.whl", hash = "sha256:380f1b5da05e5a1429225676655dddb96f5ae8c75bdf91e53d798871b902a115"},
    {file = "black-21.9b0.tar.gz", hash = "sha256:7de4cfc7eb6b710de325712d40125689101d21d25283eed7e9998722cf10eb91"},
]
certifi = [
    {file = "certifi-2021.5.30-py2.py3-none-any.whl", hash = "sha256:50b1e4f8446b06f41be7dd6338db18e0990601dce795c2b1686458aa7e8fa7d8"},
    {file = "certifi-2021.5.30.tar.gz", hash = "sha256:2bbf76fd432960138b3ef6dda3dde0544f27cbf8546c458e60baf371917ba9ee"},
]
charset-normalizer = [
    {file = "charset-normalizer-2.0.6.tar.gz", hash = "sha256:5ec46d183433dcbd0ab716f2d7f29d8dee50505b3fdb40c6b985c7c4f5a3591f"},
    {file = "charset_normalizer-2.0.6-py3-none-any.whl", hash = "sha256:5d209c0a931f215cee683b6445e2d77677e7e75e159f78def0db09d68fafcaa6"},
]
click = [
    {file = "click-8.0.1-py3-none-any.whl", hash = "sha256:fba402a4a47334742d782209a7c79bc448911afe1149d07bdabdf480b3e2f4b6"},
    {file = "click-8.0.1.tar.gz", hash = "sha256:8c04c11192119b1ef78ea049e0a6f0463e4c48ef00a30160c704337586f3ad7a"},
]
colorama = [
    {file = "colorama-0.4.4-py2.py3-none-any.whl", hash = "sha256:9f47eda37229f68eee03b24b9748937c7dc3868f906e8ba69fbcbdd3bc5dc3e2"},
    {file = "colorama-0.4.4.tar.gz", hash = "sha256:5941b2b48a20143d2267e95b1c2a7603ce057ee39fd88e7329b0c292aa16869b"},
]
datefinder = [
    {file = "datefinder-0.7.1-py2.py3-none-any.whl", hash = "sha256:3c9d8dbf103b3158cde396396b6d0afd023497d350780a944acb319db94cc612"},
]
docopt = [
    {file = "docopt-0.6.2.tar.gz", hash = "sha256:49b3a825280bd66b3aa83585ef59c4a8c82f2c8a522dbe754a8bc8d08c85c491"},
]
elasticsearch = [
    {file = "elasticsearch-7.15.0-py2.py3-none-any.whl", hash = "sha256:bf1d210d82c78fbd3ae5cbedd756716d732433cc97184966688dcd1c75df4619"},
    {file = "elasticsearch-7.15.0.tar.gz", hash = "sha256:6c47eb68f643f3d7d6a6d971e571448b900b9470dc481421c9af9d28a1303911"},
]
elasticsearch-dsl = [
    {file = "elasticsearch-dsl-7.4.0.tar.gz", hash = "sha256:c4a7b93882918a413b63bed54018a1685d7410ffd8facbc860ee7fd57f214a6d"},
    {file = "elasticsearch_dsl-7.4.0-py2.py3-none-any.whl", hash = "sha256:046ea10820b94c075081b528b4526c5bc776bda4226d702f269a5f203232064b"},
]
flake8 = [
    {file = "flake8-3.9.2-py2.py3-none-any.whl", hash = "sha256:bf8fd333346d844f616e8d47905ef3a3384edae6b4e9beb0c5101e25e3110907"},
    {file = "flake8-3.9.2.tar.gz", hash = "sha256:07528381786f2a6237b061f6e96610a4167b226cb926e2aa2b6b1d78057c576b"},
]
idna = [
    {file = "idna-3.2-py3-none-any.whl", hash = "sha256:14475042e284991034cb48e06f6851428fb14c4dc953acd9be9a5e95c7b6dd7a"},
    {file = "idna-3.2.tar.gz", hash = "sha256:467fbad99067910785144ce333826c71fb0e63a425657295239737f7ecd125f3"},
]
iniconfig = [
    {file = "iniconfig-1.1.1-py2.py3-none-any.whl", hash = "sha256:011e24c64b7f47f6ebd835bb12a743f2fbe9a26d4cecaa7f53bc4f35ee9da8b3"},
    {file = "iniconfig-1.1.1.tar.gz", hash = "sha256:bc3af051d7d14b2ee5ef9969666def0cd1a000e121eaea580d4a313df4b37f32"},
]
isort = [
    {file = "isort-5.9.3-py3-none-any.whl", hash = "sha256:e17d6e2b81095c9db0a03a8025a957f334d6ea30b26f9ec70805411e5c7c81f2"},
    {file = "isort-5.9.3.tar.gz", hash = "sha256:9c2ea1e62d871267b78307fe511c0838ba0da28698c5732d54e2790bf3ba9899"},
]
mccabe = [
    {file = "mccabe-0.6.1-py2.py3-none-any.whl", hash = "sha256:ab8a6258860da4b6677da4bd2fe5dc2c659cff31b3ee4f7f5d64e79735b80d42"},
    {file = "mccabe-0.6.1.tar.gz", hash = "sha256:dd8d182285a0fe56bace7f45b5e7d1a6ebcbf524e8f3bd87eb0f125271b8831f"},
]
mypy-extensions = [
    {file = "mypy_extensions-0.4.3-py2.py3-none-any.whl", hash = "sha256:090fedd75945a69ae91ce1303b5824f428daf5a028d2f6ab8a299250a846f15d"},
    {file = "mypy_extensions-0.4.3.tar.gz", hash = "sha256:2d82818f5bb3e369420cb3c4060a7970edba416647068eb4c5343488a6c604a8"},
]
packaging = [
    {file = "packaging-21.0-py3-none-any.whl", hash = "sha256:c86254f9220d55e31cc94d69bade760f0847da8000def4dfe1c6b872fd14ff14"},
    {file = "packaging-21.0.tar.gz", hash = "sha256:7dc96269f53a4ccec5c0670940a4281106dd0bb343f47b7471f779df49c2fbe7"},
]
pathspec = [
    {file = "pathspec-0.9.0-py2.py3-none-any.whl", hash = "sha256:7d15c4ddb0b5c802d161efc417ec1a2558ea2653c2e8ad9c19098201dc1c993a"},
    {file = "pathspec-0.9.0.tar.gz", hash = "sha256:e564499435a2673d586f6b2130bb5b95f04a3ba06f81b8f895b651a3c76aabb1"},
]
pika = [
    {file = "pika-1.2.0-py2.py3-none-any.whl", hash = "sha256:59da6701da1aeaf7e5e93bb521cc03129867f6e54b7dd352c4b3ecb2bd7ec624"},
    {file = "pika-1.2.0.tar.gz", hash = "sha256:f023d6ac581086b124190cb3dc81dd581a149d216fa4540ac34f9be1e3970b89"},
]
platformdirs = [
    {file = "platformdirs-2.4.0-py3-none-any.whl", hash = "sha256:8868bbe3c3c80d42f20156f22e7131d2fb321f5bc86a2a345375c6481a67021d"},
    {file = "platformdirs-2.4.0.tar.gz", hash = "sha256:367a5e80b3d04d2428ffa76d33f124cf11e8fff2acdaa9b43d545f5c7d661ef2"},
]
pluggy = [
    {file = "pluggy-1.0.0-py2.py3-none-any.whl", hash = "sha256:74134bbf457f031a36d68416e1509f34bd5ccc019f0bcc952c7b909d06b37bd3"},
    {file = "pluggy-1.0.0.tar.gz", hash = "sha256:4224373bacce55f955a878bf9cfa763c1e360858e330072059e10bad68531159"},
]
py = [
    {file = "py-1.10.0-py2.py3-none-any.whl", hash = "sha256:3b80836aa6d1feeaa108e046da6423ab8f6ceda6468545ae8d02d9d58d18818a"},
    {file = "py-1.10.0.tar.gz", hash = "sha256:21b81bda15b66ef5e1a777a21c4dcd9c20ad3efd0b3f817e7a809035269e1bd3"},
]
pycodestyle = [
    {file = "pycodestyle-2.7.0-py2.py3-none-any.whl", hash = "sha256:514f76d918fcc0b55c6680472f0a37970994e07bbb80725808c17089be302068"},
    {file = "pycodestyle-2.7.0.tar.gz", hash = "sha256:c389c1d06bf7904078ca03399a4816f974a1d590090fecea0c63ec26ebaf1cef"},
]
pycti = [
    {file = "pycti-5.0.2-py3-none-any.whl", hash = "sha256:02b9ad19ec21cda068d8cbb5cf8b258f36381555f09a2f4054a39fdc3a6fa5da"},
    {file = "pycti-5.0.2.tar.gz", hash = "sha256:fd0e359332ef01a9fe1ed0062ac910af361cddbc21fab3d8e38f43216168e01d"},
]
pyflakes = [
    {file = "pyflakes-2.3.1-py2.py3-none-any.whl", hash = "sha256:7893783d01b8a89811dd72d7dfd4d84ff098e5eed95cfa8905b22bbffe52efc3"},
    {file = "pyflakes-2.3.1.tar.gz", hash = "sha256:f5bc8ecabc05bb9d291eb5203d6810b49040f6ff446a756326104746cc00c1db"},
]
pyparsing = [
    {file = "pyparsing-2.4.7-py2.py3-none-any.whl", hash = "sha256:ef9d7589ef3c200abe66653d3f1ab1033c3c419ae9b9bdb1240a85b024efc88b"},
    {file = "pyparsing-2.4.7.tar.gz", hash = "sha256:c203ec8783bf771a155b207279b9bccb8dea02d8f0c9e5f8ead507bc3246ecc1"},
]
pyproject-flake8 = [
    {file = "pyproject-flake8-0.0.1a2.tar.gz", hash = "sha256:bdeca37f78ecd34bd64a49d3657d53d099f5445831071a31c46e1fe20cd61461"},
    {file = "pyproject_flake8-0.0.1a2-py2.py3-none-any.whl", hash = "sha256:e61ed1dc088e9f9f8a7170967ac4ec135acfef3a59ab9738c7b58cc11f294a7e"},
]
pytest = [
    {file = "pytest-6.2.5-py3-none-any.whl", hash = "sha256:7310f8d27bc79ced999e760ca304d69f6ba6c6649c0b60fb0e04a4a77cacc134"},
    {file = "pytest-6.2.5.tar.gz", hash = "sha256:131b36680866a76e6781d13f101efb86cf674ebb9762eb70d3082b6f29889e89"},
]
pytest-black = [
    {file = "pytest-black-0.3.12.tar.gz", hash = "sha256:1d339b004f764d6cd0f06e690f6dd748df3d62e6fe1a692d6a5500ac2c5b75a5"},
]
pytest-flake8 = [
    {file = "pytest-flake8-1.0.7.tar.gz", hash = "sha256:f0259761a903563f33d6f099914afef339c085085e643bee8343eb323b32dd6b"},
    {file = "pytest_flake8-1.0.7-py2.py3-none-any.whl", hash = "sha256:c28cf23e7d359753c896745fd4ba859495d02e16c84bac36caa8b1eec58f5bc1"},
]
pytest-isort = [
    {file = "pytest-isort-2.0.0.tar.gz", hash = "sha256:821a8c5c9c4f3a3c52cfa9c541fbe89ac9e28728125125af53724c4c3f129117"},
    {file = "pytest_isort-2.0.0-py3-none-any.whl", hash = "sha256:ab949c593213dad38ba75db32a0ce361fcddd11d4152be4a2c93b85104cc4376"},
]
python-datemath = [
    {file = "python-datemath-1.5.5.tar.gz", hash = "sha256:12f9863e4292acec51ce33ddfddc2eb0382e6f5459663d8d43d885439e5887ab"},
    {file = "python_datemath-1.5.5-py2.py3-none-any.whl", hash = "sha256:2801b38bfb15d32e7ef26dfa1e7fa0fad6f2f0d169a1d2d045423512c0b51740"},
]
python-dateutil = [
    {file = "python-dateutil-2.8.2.tar.gz", hash = "sha256:0123cacc1627ae19ddf3c27a5de5bd67ee4586fbdd6440d9748f8abb483d3e86"},
    {file = "python_dateutil-2.8.2-py2.py3-none-any.whl", hash = "sha256:961d03dc3453ebbc59dbdea9e4e11c5651520a876d0f4db161e8674aae935da9"},
]
python-json-logger = [
    {file = "python-json-logger-2.0.2.tar.gz", hash = "sha256:202a4f29901a4b8002a6d1b958407eeb2dd1d83c18b18b816f5b64476dde9096"},
    {file = "python_json_logger-2.0.2-py3-none-any.whl", hash = "sha256:99310d148f054e858cd5f4258794ed6777e7ad2c3fd7e1c1b527f1cba4d08420"},
]
python-magic = [
    {file = "python-magic-0.4.24.tar.gz", hash = "sha256:de800df9fb50f8ec5974761054a708af6e4246b03b4bdaee993f948947b0ebcf"},
    {file = "python_magic-0.4.24-py2.py3-none-any.whl", hash = "sha256:4fec8ee805fea30c07afccd1592c0f17977089895bdfaae5fec870a84e997626"},
]
python-magic-bin = [
    {file = "python_magic_bin-0.4.14-py2.py3-none-macosx_10_6_intel.whl", hash = "sha256:7b1743b3dbf16601d6eedf4e7c2c9a637901b0faaf24ad4df4d4527e7d8f66a4"},
    {file = "python_magic_bin-0.4.14-py2.py3-none-win32.whl", hash = "sha256:34a788c03adde7608028203e2dbb208f1f62225ad91518787ae26d603ae68892"},
    {file = "python_magic_bin-0.4.14-py2.py3-none-win_amd64.whl", hash = "sha256:90be6206ad31071a36065a2fc169c5afb5e0355cbe6030e87641c6c62edc2b69"},
]
pytz = [
    {file = "pytz-2021.1-py2.py3-none-any.whl", hash = "sha256:eb10ce3e7736052ed3623d49975ce333bcd712c7bb19a58b9e2089d4057d0798"},
    {file = "pytz-2021.1.tar.gz", hash = "sha256:83a4a90894bf38e243cf052c8b58f381bfe9a7a483f6a9cab140bc7f702ac4da"},
]
pyyaml = [
    {file = "PyYAML-5.4.1-cp27-cp27m-macosx_10_9_x86_64.whl", hash = "sha256:3b2b1824fe7112845700f815ff6a489360226a5609b96ec2190a45e62a9fc922"},
    {file = "PyYAML-5.4.1-cp27-cp27m-win32.whl", hash = "sha256:129def1b7c1bf22faffd67b8f3724645203b79d8f4cc81f674654d9902cb4393"},
    {file = "PyYAML-5.4.1-cp27-cp27m-win_amd64.whl", hash = "sha256:4465124ef1b18d9ace298060f4eccc64b0850899ac4ac53294547536533800c8"},
    {file = "PyYAML-5.4.1-cp27-cp27mu-manylinux1_x86_64.whl", hash = "sha256:bb4191dfc9306777bc594117aee052446b3fa88737cd13b7188d0e7aa8162185"},
    {file = "PyYAML-5.4.1-cp36-cp36m-macosx_10_9_x86_64.whl", hash = "sha256:6c78645d400265a062508ae399b60b8c167bf003db364ecb26dcab2bda048253"},
    {file = "PyYAML-5.4.1-cp36-cp36m-manylinux1_x86_64.whl", hash = "sha256:4e0583d24c881e14342eaf4ec5fbc97f934b999a6828693a99157fde912540cc"},
    {file = "PyYAML-5.4.1-cp36-cp36m-manylinux2014_aarch64.whl", hash = "sha256:72a01f726a9c7851ca9bfad6fd09ca4e090a023c00945ea05ba1638c09dc3347"},
    {file = "PyYAML-5.4.1-cp36-cp36m-manylinux2014_s390x.whl", hash = "sha256:895f61ef02e8fed38159bb70f7e100e00f471eae2bc838cd0f4ebb21e28f8541"},
    {file = "PyYAML-5.4.1-cp36-cp36m-win32.whl", hash = "sha256:3bd0e463264cf257d1ffd2e40223b197271046d09dadf73a0fe82b9c1fc385a5"},
    {file = "PyYAML-5.4.1-cp36-cp36m-win_amd64.whl", hash = "sha256:e4fac90784481d221a8e4b1162afa7c47ed953be40d31ab4629ae917510051df"},
    {file = "PyYAML-5.4.1-cp37-cp37m-macosx_10_9_x86_64.whl", hash = "sha256:5accb17103e43963b80e6f837831f38d314a0495500067cb25afab2e8d7a4018"},
    {file = "PyYAML-5.4.1-cp37-cp37m-manylinux1_x86_64.whl", hash = "sha256:e1d4970ea66be07ae37a3c2e48b5ec63f7ba6804bdddfdbd3cfd954d25a82e63"},
    {file = "PyYAML-5.4.1-cp37-cp37m-manylinux2014_aarch64.whl", hash = "sha256:cb333c16912324fd5f769fff6bc5de372e9e7a202247b48870bc251ed40239aa"},
    {file = "PyYAML-5.4.1-cp37-cp37m-manylinux2014_s390x.whl", hash = "sha256:fe69978f3f768926cfa37b867e3843918e012cf83f680806599ddce33c2c68b0"},
    {file = "PyYAML-5.4.1-cp37-cp37m-win32.whl", hash = "sha256:dd5de0646207f053eb0d6c74ae45ba98c3395a571a2891858e87df7c9b9bd51b"},
    {file = "PyYAML-5.4.1-cp37-cp37m-win_amd64.whl", hash = "sha256:08682f6b72c722394747bddaf0aa62277e02557c0fd1c42cb853016a38f8dedf"},
    {file = "PyYAML-5.4.1-cp38-cp38-macosx_10_9_x86_64.whl", hash = "sha256:d2d9808ea7b4af864f35ea216be506ecec180628aced0704e34aca0b040ffe46"},
    {file = "PyYAML-5.4.1-cp38-cp38-manylinux1_x86_64.whl", hash = "sha256:8c1be557ee92a20f184922c7b6424e8ab6691788e6d86137c5d93c1a6ec1b8fb"},
    {file = "PyYAML-5.4.1-cp38-cp38-manylinux2014_aarch64.whl", hash = "sha256:fd7f6999a8070df521b6384004ef42833b9bd62cfee11a09bda1079b4b704247"},
    {file = "PyYAML-5.4.1-cp38-cp38-manylinux2014_s390x.whl", hash = "sha256:bfb51918d4ff3d77c1c856a9699f8492c612cde32fd3bcd344af9be34999bfdc"},
    {file = "PyYAML-5.4.1-cp38-cp38-win32.whl", hash = "sha256:fa5ae20527d8e831e8230cbffd9f8fe952815b2b7dae6ffec25318803a7528fc"},
    {file = "PyYAML-5.4.1-cp38-cp38-win_amd64.whl", hash = "sha256:0f5f5786c0e09baddcd8b4b45f20a7b5d61a7e7e99846e3c799b05c7c53fa696"},
    {file = "PyYAML-5.4.1-cp39-cp39-macosx_10_9_x86_64.whl", hash = "sha256:294db365efa064d00b8d1ef65d8ea2c3426ac366c0c4368d930bf1c5fb497f77"},
    {file = "PyYAML-5.4.1-cp39-cp39-manylinux1_x86_64.whl", hash = "sha256:74c1485f7707cf707a7aef42ef6322b8f97921bd89be2ab6317fd782c2d53183"},
    {file = "PyYAML-5.4.1-cp39-cp39-manylinux2014_aarch64.whl", hash = "sha256:d483ad4e639292c90170eb6f7783ad19490e7a8defb3e46f97dfe4bacae89122"},
    {file = "PyYAML-5.4.1-cp39-cp39-manylinux2014_s390x.whl", hash = "sha256:fdc842473cd33f45ff6bce46aea678a54e3d21f1b61a7750ce3c498eedfe25d6"},
    {file = "PyYAML-5.4.1-cp39-cp39-win32.whl", hash = "sha256:49d4cdd9065b9b6e206d0595fee27a96b5dd22618e7520c33204a4a3239d5b10"},
    {file = "PyYAML-5.4.1-cp39-cp39-win_amd64.whl", hash = "sha256:c20cfa2d49991c8b4147af39859b167664f2ad4561704ee74c1de03318e898db"},
    {file = "PyYAML-5.4.1.tar.gz", hash = "sha256:607774cbba28732bfa802b54baa7484215f530991055bb562efbed5b2f20a45e"},
]
regex = [
    {file = "regex-2021.9.24-cp310-cp310-macosx_10_9_x86_64.whl", hash = "sha256:0628ed7d6334e8f896f882a5c1240de8c4d9b0dd7c7fb8e9f4692f5684b7d656"},
    {file = "regex-2021.9.24-cp310-cp310-manylinux_2_17_aarch64.manylinux2014_aarch64.whl", hash = "sha256:3baf3eaa41044d4ced2463fd5d23bf7bd4b03d68739c6c99a59ce1f95599a673"},
    {file = "regex-2021.9.24-cp310-cp310-manylinux_2_17_x86_64.manylinux2014_x86_64.whl", hash = "sha256:c000635fd78400a558bd7a3c2981bb2a430005ebaa909d31e6e300719739a949"},
    {file = "regex-2021.9.24-cp310-cp310-manylinux_2_5_i686.manylinux1_i686.manylinux_2_12_i686.manylinux2010_i686.whl", hash = "sha256:295bc8a13554a25ad31e44c4bedabd3c3e28bba027e4feeb9bb157647a2344a7"},
    {file = "regex-2021.9.24-cp310-cp310-manylinux_2_5_i686.manylinux1_i686.manylinux_2_17_i686.manylinux2014_i686.whl", hash = "sha256:b0e3f59d3c772f2c3baaef2db425e6fc4149d35a052d874bb95ccfca10a1b9f4"},
    {file = "regex-2021.9.24-cp310-cp310-manylinux_2_5_x86_64.manylinux1_x86_64.manylinux_2_12_x86_64.manylinux2010_x86_64.whl", hash = "sha256:aea4006b73b555fc5bdb650a8b92cf486d678afa168cf9b38402bb60bf0f9c18"},
    {file = "regex-2021.9.24-cp310-cp310-win32.whl", hash = "sha256:09eb62654030f39f3ba46bc6726bea464069c29d00a9709e28c9ee9623a8da4a"},
    {file = "regex-2021.9.24-cp310-cp310-win_amd64.whl", hash = "sha256:8d80087320632457aefc73f686f66139801959bf5b066b4419b92be85be3543c"},
    {file = "regex-2021.9.24-cp36-cp36m-macosx_10_9_x86_64.whl", hash = "sha256:7e3536f305f42ad6d31fc86636c54c7dafce8d634e56fef790fbacb59d499dd5"},
    {file = "regex-2021.9.24-cp36-cp36m-manylinux_2_17_aarch64.manylinux2014_aarch64.whl", hash = "sha256:c31f35a984caffb75f00a86852951a337540b44e4a22171354fb760cefa09346"},
    {file = "regex-2021.9.24-cp36-cp36m-manylinux_2_17_x86_64.manylinux2014_x86_64.whl", hash = "sha256:9c7cb25adba814d5f419733fe565f3289d6fa629ab9e0b78f6dff5fa94ab0456"},
    {file = "regex-2021.9.24-cp36-cp36m-manylinux_2_5_i686.manylinux1_i686.manylinux_2_12_i686.manylinux2010_i686.whl", hash = "sha256:85c61bee5957e2d7be390392feac7e1d7abd3a49cbaed0c8cee1541b784c8561"},
    {file = "regex-2021.9.24-cp36-cp36m-manylinux_2_5_i686.manylinux1_i686.manylinux_2_17_i686.manylinux2014_i686.whl", hash = "sha256:c94722bf403b8da744b7d0bb87e1f2529383003ceec92e754f768ef9323f69ad"},
    {file = "regex-2021.9.24-cp36-cp36m-manylinux_2_5_x86_64.manylinux1_x86_64.manylinux_2_12_x86_64.manylinux2010_x86_64.whl", hash = "sha256:6adc1bd68f81968c9d249aab8c09cdc2cbe384bf2d2cb7f190f56875000cdc72"},
    {file = "regex-2021.9.24-cp36-cp36m-win32.whl", hash = "sha256:2054dea683f1bda3a804fcfdb0c1c74821acb968093d0be16233873190d459e3"},
    {file = "regex-2021.9.24-cp36-cp36m-win_amd64.whl", hash = "sha256:7783d89bd5413d183a38761fbc68279b984b9afcfbb39fa89d91f63763fbfb90"},
    {file = "regex-2021.9.24-cp37-cp37m-macosx_10_9_x86_64.whl", hash = "sha256:b15dc34273aefe522df25096d5d087abc626e388a28a28ac75a4404bb7668736"},
    {file = "regex-2021.9.24-cp37-cp37m-manylinux_2_17_aarch64.manylinux2014_aarch64.whl", hash = "sha256:10a7a9cbe30bd90b7d9a1b4749ef20e13a3528e4215a2852be35784b6bd070f0"},
    {file = "regex-2021.9.24-cp37-cp37m-manylinux_2_17_x86_64.manylinux2014_x86_64.whl", hash = "sha256:fb9f5844db480e2ef9fce3a72e71122dd010ab7b2920f777966ba25f7eb63819"},
    {file = "regex-2021.9.24-cp37-cp37m-manylinux_2_5_i686.manylinux1_i686.manylinux_2_12_i686.manylinux2010_i686.whl", hash = "sha256:17310b181902e0bb42b29c700e2c2346b8d81f26e900b1328f642e225c88bce1"},
    {file = "regex-2021.9.24-cp37-cp37m-manylinux_2_5_i686.manylinux1_i686.manylinux_2_17_i686.manylinux2014_i686.whl", hash = "sha256:0bba1f6df4eafe79db2ecf38835c2626dbd47911e0516f6962c806f83e7a99ae"},
    {file = "regex-2021.9.24-cp37-cp37m-manylinux_2_5_x86_64.manylinux1_x86_64.manylinux_2_12_x86_64.manylinux2010_x86_64.whl", hash = "sha256:821e10b73e0898544807a0692a276e539e5bafe0a055506a6882814b6a02c3ec"},
    {file = "regex-2021.9.24-cp37-cp37m-win32.whl", hash = "sha256:9c371dd326289d85906c27ec2bc1dcdedd9d0be12b543d16e37bad35754bde48"},
    {file = "regex-2021.9.24-cp37-cp37m-win_amd64.whl", hash = "sha256:1e8d1898d4fb817120a5f684363b30108d7b0b46c7261264b100d14ec90a70e7"},
    {file = "regex-2021.9.24-cp38-cp38-macosx_10_9_x86_64.whl", hash = "sha256:8a5c2250c0a74428fd5507ae8853706fdde0f23bfb62ee1ec9418eeacf216078"},
    {file = "regex-2021.9.24-cp38-cp38-manylinux_2_17_aarch64.manylinux2014_aarch64.whl", hash = "sha256:8aec4b4da165c4a64ea80443c16e49e3b15df0f56c124ac5f2f8708a65a0eddc"},
    {file = "regex-2021.9.24-cp38-cp38-manylinux_2_17_x86_64.manylinux2014_x86_64.whl", hash = "sha256:650c4f1fc4273f4e783e1d8e8b51a3e2311c2488ba0fcae6425b1e2c248a189d"},
    {file = "regex-2021.9.24-cp38-cp38-manylinux_2_5_i686.manylinux1_i686.manylinux_2_12_i686.manylinux2010_i686.whl", hash = "sha256:2cdb3789736f91d0b3333ac54d12a7e4f9efbc98f53cb905d3496259a893a8b3"},
    {file = "regex-2021.9.24-cp38-cp38-manylinux_2_5_i686.manylinux1_i686.manylinux_2_17_i686.manylinux2014_i686.whl", hash = "sha256:4e61100200fa6ab7c99b61476f9f9653962ae71b931391d0264acfb4d9527d9c"},
    {file = "regex-2021.9.24-cp38-cp38-manylinux_2_5_x86_64.manylinux1_x86_64.manylinux_2_12_x86_64.manylinux2010_x86_64.whl", hash = "sha256:8c268e78d175798cd71d29114b0a1f1391c7d011995267d3b62319ec1a4ecaa1"},
    {file = "regex-2021.9.24-cp38-cp38-win32.whl", hash = "sha256:658e3477676009083422042c4bac2bdad77b696e932a3de001c42cc046f8eda2"},
    {file = "regex-2021.9.24-cp38-cp38-win_amd64.whl", hash = "sha256:a731552729ee8ae9c546fb1c651c97bf5f759018fdd40d0e9b4d129e1e3a44c8"},
    {file = "regex-2021.9.24-cp39-cp39-macosx_10_9_x86_64.whl", hash = "sha256:86f9931eb92e521809d4b64ec8514f18faa8e11e97d6c2d1afa1bcf6c20a8eab"},
    {file = "regex-2021.9.24-cp39-cp39-manylinux_2_17_aarch64.manylinux2014_aarch64.whl", hash = "sha256:dcbbc9cfa147d55a577d285fd479b43103188855074552708df7acc31a476dd9"},
    {file = "regex-2021.9.24-cp39-cp39-manylinux_2_17_x86_64.manylinux2014_x86_64.whl", hash = "sha256:29385c4dbb3f8b3a55ce13de6a97a3d21bd00de66acd7cdfc0b49cb2f08c906c"},
    {file = "regex-2021.9.24-cp39-cp39-manylinux_2_5_i686.manylinux1_i686.manylinux_2_12_i686.manylinux2010_i686.whl", hash = "sha256:c50a6379763c733562b1fee877372234d271e5c78cd13ade5f25978aa06744db"},
    {file = "regex-2021.9.24-cp39-cp39-manylinux_2_5_i686.manylinux1_i686.manylinux_2_17_i686.manylinux2014_i686.whl", hash = "sha256:6f74b6d8f59f3cfb8237e25c532b11f794b96f5c89a6f4a25857d85f84fbef11"},
    {file = "regex-2021.9.24-cp39-cp39-manylinux_2_5_x86_64.manylinux1_x86_64.manylinux_2_12_x86_64.manylinux2010_x86_64.whl", hash = "sha256:6c4d83d21d23dd854ffbc8154cf293f4e43ba630aa9bd2539c899343d7f59da3"},
    {file = "regex-2021.9.24-cp39-cp39-win32.whl", hash = "sha256:95e89a8558c8c48626dcffdf9c8abac26b7c251d352688e7ab9baf351e1c7da6"},
    {file = "regex-2021.9.24-cp39-cp39-win_amd64.whl", hash = "sha256:835962f432bce92dc9bf22903d46c50003c8d11b1dc64084c8fae63bca98564a"},
    {file = "regex-2021.9.24.tar.gz", hash = "sha256:6266fde576e12357b25096351aac2b4b880b0066263e7bc7a9a1b4307991bb0e"},
]
requests = [
    {file = "requests-2.26.0-py2.py3-none-any.whl", hash = "sha256:6c1246513ecd5ecd4528a0906f910e8f0f9c6b8ec72030dc9fd154dc1a6efd24"},
    {file = "requests-2.26.0.tar.gz", hash = "sha256:b8aa58f8cf793ffd8782d3d8cb19e66ef36f7aba4353eec859e74678b01b07a7"},
]
scalpl = [
    {file = "scalpl-0.4.2-py3-none-any.whl", hash = "sha256:3a7a963b9b3639108722008cc2b5a42ae576b48c74fcd0f17baf7b1c9792ab7b"},
    {file = "scalpl-0.4.2.tar.gz", hash = "sha256:8773a1c91e051a4baa255acf1804fe331fae6a36501c99519415511456b8a745"},
]
simplejson = [
    {file = "simplejson-3.17.5-cp27-cp27m-macosx_10_9_x86_64.whl", hash = "sha256:376023f51edaf7290332dacfb055bc00ce864cb013c0338d0dea48731f37e42f"},
    {file = "simplejson-3.17.5-cp27-cp27m-manylinux1_i686.whl", hash = "sha256:b2a5688606dffbe95e1347a05b77eb90489fe337edde888e23bbb7fd81b0d93b"},
    {file = "simplejson-3.17.5-cp27-cp27m-manylinux1_x86_64.whl", hash = "sha256:3ba82f8b421886f4a2311c43fb98faaf36c581976192349fef2a89ed0fcdbdef"},
    {file = "simplejson-3.17.5-cp27-cp27m-manylinux2010_i686.whl", hash = "sha256:7332f7b06d42153255f7bfeb10266141c08d48cc1a022a35473c95238ff2aebc"},
    {file = "simplejson-3.17.5-cp27-cp27m-manylinux2010_x86_64.whl", hash = "sha256:c2d5334d935af711f6d6dfeec2d34e071cdf73ec0df8e8bd35ac435b26d8da97"},
    {file = "simplejson-3.17.5-cp27-cp27mu-manylinux1_i686.whl", hash = "sha256:417b7e119d66085dc45bdd563dcb2c575ee10a3b1c492dd3502a029448d4be1c"},
    {file = "simplejson-3.17.5-cp27-cp27mu-manylinux1_x86_64.whl", hash = "sha256:42b7c7264229860fe879be961877f7466d9f7173bd6427b3ba98144a031d49fb"},
    {file = "simplejson-3.17.5-cp27-cp27mu-manylinux2010_i686.whl", hash = "sha256:5fe8c6dcb9e6f7066bdc07d3c410a2fca78c0d0b4e0e72510ffd20a60a20eb8e"},
    {file = "simplejson-3.17.5-cp27-cp27mu-manylinux2010_x86_64.whl", hash = "sha256:b92fbc2bc549c5045c8233d954f3260ccf99e0f3ec9edfd2372b74b350917752"},
    {file = "simplejson-3.17.5-cp310-cp310-macosx_10_9_universal2.whl", hash = "sha256:5f7f53b1edd4b23fb112b89208377480c0bcee45d43a03ffacf30f3290e0ed85"},
    {file = "simplejson-3.17.5-cp310-cp310-macosx_10_9_x86_64.whl", hash = "sha256:40ece8fa730d1a947bff792bcc7824bd02d3ce6105432798e9a04a360c8c07b0"},
    {file = "simplejson-3.17.5-cp310-cp310-macosx_11_0_arm64.whl", hash = "sha256:10defa88dd10a0a4763f16c1b5504e96ae6dc68953cfe5fc572b4a8fcaf9409b"},
    {file = "simplejson-3.17.5-cp310-cp310-manylinux_2_17_aarch64.manylinux2014_aarch64.whl", hash = "sha256:aa86cfdeb118795875855589934013e32895715ec2d9e8eb7a59be3e7e07a7e1"},
    {file = "simplejson-3.17.5-cp310-cp310-manylinux_2_5_i686.manylinux1_i686.manylinux_2_12_i686.manylinux2010_i686.whl", hash = "sha256:ce66f730031b9b3683b2fc6ad4160a18db86557c004c3d490a29bf8d450d7ab9"},
    {file = "simplejson-3.17.5-cp310-cp310-manylinux_2_5_x86_64.manylinux1_x86_64.manylinux_2_12_x86_64.manylinux2010_x86_64.whl", hash = "sha256:352c11582aa1e49a2f0f7f7d8fd5ec5311da890d1354287e83c63ab6af857cf5"},
    {file = "simplejson-3.17.5-cp310-cp310-win32.whl", hash = "sha256:8e595de17178dd3bbeb2c5b8ea97536341c63b7278639cb8ee2681a84c0ef037"},
    {file = "simplejson-3.17.5-cp310-cp310-win_amd64.whl", hash = "sha256:cb0afc3bad49eb89a579103616574a54b523856d20fc539a4f7a513a0a8ba4b2"},
    {file = "simplejson-3.17.5-cp36-cp36m-macosx_10_9_x86_64.whl", hash = "sha256:ade09aa3c284d11f39640aebdcbb748e1996f0c60504f8c4a0c5a9fec821e67a"},
    {file = "simplejson-3.17.5-cp36-cp36m-manylinux_2_17_aarch64.manylinux2014_aarch64.whl", hash = "sha256:87572213965fd8a4fb7a97f837221e01d8fddcfb558363c671b8aa93477fb6a2"},
    {file = "simplejson-3.17.5-cp36-cp36m-manylinux_2_5_i686.manylinux1_i686.manylinux_2_12_i686.manylinux2010_i686.whl", hash = "sha256:2b59acd09b02da97728d0bae8ff48876d7efcbbb08e569c55e2d0c2e018324f5"},
    {file = "simplejson-3.17.5-cp36-cp36m-manylinux_2_5_x86_64.manylinux1_x86_64.manylinux_2_12_x86_64.manylinux2010_x86_64.whl", hash = "sha256:e29b9cea4216ec130df85d8c36efb9985fda1c9039e4706fb30e0fb6a67602ff"},
    {file = "simplejson-3.17.5-cp36-cp36m-win32.whl", hash = "sha256:f550730d18edec4ff9d4252784b62adfe885d4542946b6d5a54c8a6521b56afd"},
    {file = "simplejson-3.17.5-cp36-cp36m-win_amd64.whl", hash = "sha256:1c2688365743b0f190392e674af5e313ebe9d621813d15f9332e874b7c1f2d04"},
    {file = "simplejson-3.17.5-cp37-cp37m-macosx_10_9_x86_64.whl", hash = "sha256:f13c48cc4363829bdfecc0c181b6ddf28008931de54908a492dc8ccd0066cd60"},
    {file = "simplejson-3.17.5-cp37-cp37m-manylinux_2_17_aarch64.manylinux2014_aarch64.whl", hash = "sha256:4a6943816e10028eeed512ea03be52b54ea83108b408d1049b999f58a760089b"},
    {file = "simplejson-3.17.5-cp37-cp37m-manylinux_2_5_i686.manylinux1_i686.manylinux_2_12_i686.manylinux2010_i686.whl", hash = "sha256:3d72aa9e73134dacd049a2d6f9bd219f7be9c004d03d52395831611d66cedb71"},
    {file = "simplejson-3.17.5-cp37-cp37m-manylinux_2_5_x86_64.manylinux1_x86_64.manylinux_2_12_x86_64.manylinux2010_x86_64.whl", hash = "sha256:5b94df70bd34a3b946c0eb272022fb0f8a9eb27cad76e7f313fedbee2ebe4317"},
    {file = "simplejson-3.17.5-cp37-cp37m-win32.whl", hash = "sha256:065230b9659ac38c8021fa512802562d122afb0cf8d4b89e257014dcddb5730a"},
    {file = "simplejson-3.17.5-cp37-cp37m-win_amd64.whl", hash = "sha256:86fcffc06f1125cb443e2bed812805739d64ceb78597ac3c1b2d439471a09717"},
    {file = "simplejson-3.17.5-cp38-cp38-macosx_10_9_universal2.whl", hash = "sha256:78c6f0ed72b440ebe1892d273c1e5f91e55e6861bea611d3b904e673152a7a4c"},
    {file = "simplejson-3.17.5-cp38-cp38-macosx_10_9_x86_64.whl", hash = "sha256:36b08b886027eac67e7a0e822e3a5bf419429efad7612e69501669d6252a21f2"},
    {file = "simplejson-3.17.5-cp38-cp38-macosx_11_0_arm64.whl", hash = "sha256:fe1c33f78d2060719d52ea9459d97d7ae3a5b707ec02548575c4fbed1d1d345b"},
    {file = "simplejson-3.17.5-cp38-cp38-manylinux_2_17_aarch64.manylinux2014_aarch64.whl", hash = "sha256:140eb58809f24d843736edb8080b220417e22c82ac07a3dfa473f57e78216b5f"},
    {file = "simplejson-3.17.5-cp38-cp38-manylinux_2_5_i686.manylinux1_i686.manylinux_2_12_i686.manylinux2010_i686.whl", hash = "sha256:7c9b30a2524ae6983b708f12741a31fbc2fb8d6fecd0b6c8584a62fd59f59e09"},
    {file = "simplejson-3.17.5-cp38-cp38-manylinux_2_5_x86_64.manylinux1_x86_64.manylinux_2_12_x86_64.manylinux2010_x86_64.whl", hash = "sha256:24e413bd845bd17d4d72063d64e053898543fb7abc81afeae13e5c43cef9c171"},
    {file = "simplejson-3.17.5-cp38-cp38-win32.whl", hash = "sha256:5f5051a13e7d53430a990604b532c9124253c5f348857e2d5106d45fc8533860"},
    {file = "simplejson-3.17.5-cp38-cp38-win_amd64.whl", hash = "sha256:188f2c78a8ac1eb7a70a4b2b7b9ad11f52181044957bf981fb3e399c719e30ee"},
    {file = "simplejson-3.17.5-cp39-cp39-macosx_10_9_universal2.whl", hash = "sha256:457d9cfe7ece1571770381edccdad7fc255b12cd7b5b813219441146d4f47595"},
    {file = "simplejson-3.17.5-cp39-cp39-macosx_10_9_x86_64.whl", hash = "sha256:fa843ee0d34c7193f5a816e79df8142faff851549cab31e84b526f04878ac778"},
    {file = "simplejson-3.17.5-cp39-cp39-macosx_11_0_arm64.whl", hash = "sha256:e2cc4b68e59319e3de778325e34fbff487bfdb2225530e89995402989898d681"},
    {file = "simplejson-3.17.5-cp39-cp39-manylinux_2_17_aarch64.manylinux2014_aarch64.whl", hash = "sha256:e90d2e219c3dce1500dda95f5b893c293c4d53c4e330c968afbd4e7a90ff4a5b"},
    {file = "simplejson-3.17.5-cp39-cp39-manylinux_2_5_i686.manylinux1_i686.manylinux_2_12_i686.manylinux2010_i686.whl", hash = "sha256:917f01db71d5e720b731effa3ff4a2c702a1b6dacad9bcdc580d86a018dfc3ca"},
    {file = "simplejson-3.17.5-cp39-cp39-manylinux_2_5_x86_64.manylinux1_x86_64.manylinux_2_12_x86_64.manylinux2010_x86_64.whl", hash = "sha256:07707ba69324eaf58f0c6f59d289acc3e0ed9ec528dae5b0d4219c0d6da27dc5"},
    {file = "simplejson-3.17.5-cp39-cp39-win32.whl", hash = "sha256:2df15814529a4625ea6f7b354a083609b3944c269b954ece0d0e7455872e1b2a"},
    {file = "simplejson-3.17.5-cp39-cp39-win_amd64.whl", hash = "sha256:71a54815ec0212b0cba23adc1b2a731bdd2df7b9e4432718b2ed20e8aaf7f01a"},
    {file = "simplejson-3.17.5.tar.gz", hash = "sha256:91cfb43fb91ff6d1e4258be04eee84b51a4ef40a28d899679b9ea2556322fb50"},
]
six = [
    {file = "six-1.16.0-py2.py3-none-any.whl", hash = "sha256:8abb2f1d86890a2dfb989f9a77cfcfd3e47c2a354b01111771326f8aa26e0254"},
    {file = "six-1.16.0.tar.gz", hash = "sha256:1e61c37477a1626458e36f7b1d82aa5c9b094fa4802892072e49de9c60c4c926"},
]
sseclient = [
    {file = "sseclient-0.0.27.tar.gz", hash = "sha256:b2fe534dcb33b1d3faad13d60c5a7c718e28f85987f2a034ecf5ec279918c11c"},
]
stix2 = [
    {file = "stix2-2.1.0-py2.py3-none-any.whl", hash = "sha256:3ab60082e4bffb39f75ea9ddc338b64126ff1cd086e6173d39b860191ac26ff4"},
    {file = "stix2-2.1.0.tar.gz", hash = "sha256:15c9cf599f5c43124e76fe71b883e4918f6f4cf65b084c58ec64b6180f45c938"},
]
stix2-patterns = [
    {file = "stix2-patterns-1.3.2.tar.gz", hash = "sha256:174fe5302d2c3223205033af987754132a9ea45a9f8e08aefafbe0549c889ea4"},
    {file = "stix2_patterns-1.3.2-py2.py3-none-any.whl", hash = "sha256:bc46cc4eba44b76a17eab7a3ff67f35203543cdb918ab24c1ebd58403fa27992"},
]
toml = [
    {file = "toml-0.10.2-py2.py3-none-any.whl", hash = "sha256:806143ae5bfb6a3c6e736a764057db0e6a0e05e338b5630894a5f779cabb4f9b"},
    {file = "toml-0.10.2.tar.gz", hash = "sha256:b3bda1d108d5dd99f4a20d24d9c348e91c4db7ab1b749200bded2f839ccbe68f"},
]
tomli = [
    {file = "tomli-1.2.1-py3-none-any.whl", hash = "sha256:8dd0e9524d6f386271a36b41dbf6c57d8e32fd96fd22b6584679dc569d20899f"},
    {file = "tomli-1.2.1.tar.gz", hash = "sha256:a5b75cb6f3968abb47af1b40c1819dc519ea82bcc065776a866e8d74c5ca9442"},
]
typing-extensions = [
    {file = "typing_extensions-3.10.0.2-py2-none-any.whl", hash = "sha256:d8226d10bc02a29bcc81df19a26e56a9647f8b0a6d4a83924139f4a8b01f17b7"},
    {file = "typing_extensions-3.10.0.2-py3-none-any.whl", hash = "sha256:f1d25edafde516b146ecd0613dabcc61409817af4766fbbcfb8d1ad4ec441a34"},
    {file = "typing_extensions-3.10.0.2.tar.gz", hash = "sha256:49f75d16ff11f1cd258e1b988ccff82a3ca5570217d7ad8c5f48205dd99a677e"},
]
urllib3 = [
    {file = "urllib3-1.26.7-py2.py3-none-any.whl", hash = "sha256:c4fdf4019605b6e5423637e01bc9fe4daef873709a7973e195ceba0a62bbc844"},
    {file = "urllib3-1.26.7.tar.gz", hash = "sha256:4987c65554f7a2dbf30c18fd48778ef124af6fab771a377103da0585e2336ece"},
]
